schema: '2.0'
stages:
  data_ingestion:
    cmd: python src/data_ingestion.py
    deps:
    - path: src/data_ingestion.py
      hash: md5
      md5: ec27e36e34203265970d18f5e0a87e94
      size: 2799
    params:
      params.yaml:
        data_ingestion.test_size: 0.2
    outs:
    - path: data/raw
      hash: md5
      md5: a03ddfd35e5d3ad831d480a876bd7c68.dir
      size: 480148
      nfiles: 2
  data_preprocessing:
    cmd: python src/data_preprocessing.py
    deps:
    - path: data/raw
      hash: md5
      md5: a03ddfd35e5d3ad831d480a876bd7c68.dir
      size: 480148
      nfiles: 2
    - path: src/data_preprocessing.py
      hash: md5
      md5: fd1efc6cdc98fdb6c163a76485c2e281
      size: 3554
    outs:
    - path: data/interim
      hash: md5
      md5: 33a55172e647a3251031f2e892ffb975.dir
      size: 1249512
      nfiles: 2
  feature_engineering:
    cmd: python src/feature_engineering.py
    deps:
    - path: data/interim
      hash: md5
      md5: 33a55172e647a3251031f2e892ffb975.dir
      size: 1249512
      nfiles: 2
    - path: src/feature_engineering.py
      hash: md5
      md5: 6541d12fa25258f25313978fddbdd796
      size: 3834
    params:
      params.yaml:
        feature_engineering.max_features: 35
    outs:
    - path: data/processed
      hash: md5
      md5: 68f439d3399f9e747342f9f8a02afdc0.dir
      size: 280499600
      nfiles: 2
  model_building:
    cmd: python src/model_building.py
    deps:
    - path: data/processed
      hash: md5
      md5: 68f439d3399f9e747342f9f8a02afdc0.dir
      size: 280499600
      nfiles: 2
    - path: src/model_building.py
      hash: md5
      md5: 1265b2441fafebff0ed2e160712f2c88
      size: 3583
    params:
      params.yaml:
        model_building.n_estimators: 22
        model_building.random_state: 2
    outs:
    - path: models/model.pkl
      hash: md5
      md5: ac1ba1a5b2b25c44694e61b3755a0551
      size: 1267792
  model_evaluation:
    cmd: python src/model_evaluation.py
    deps:
    - path: models/model.pkl
      hash: md5
      md5: ac1ba1a5b2b25c44694e61b3755a0551
      size: 1267792
    - path: src/model_evaluation.py
      hash: md5
      md5: c1526ed0fde0255decae67079607c7f0
      size: 3592
    outs:
    - path: reports/metrics.json
      hash: md5
      md5: c4a14a8a46fe4d4125618197ec47a02b
      size: 113
